
Microsoft Visual Studio Solution File, Format Version 12.00
# Visual Studio Version 17
VisualStudioVersion = 17.4.33110.190
MinimumVisualStudioVersion = 10.0.40219.1
Project("{FAE04EC0-301F-11D3-BF4B-00C04F79EFBC}") = "Visitor", "Visitor\Visitor.csproj", "{FCA355D1-512B-4575-8033-022D64167277}"
EndProject
Global
	GlobalSection(SolutionConfigurationPlatforms) = preSolution
		Debug|Any CPU = Debug|Any CPU
		Release|Any CPU = Release|Any CPU
	EndGlobalSection
	GlobalSection(ProjectConfigurationPlatforms) = postSolution
		{FCA355D1-512B-4575-8033-022D64167277}.Debug|Any CPU.ActiveCfg = Debug|Any CPU
		{FCA355D1-512B-4575-8033-022D64167277}.Debug|Any CPU.Build.0 = Debug|Any CPU
		{FCA355D1-512B-4575-8033-022D64167277}.Release|Any CPU.ActiveCfg = Release|Any CPU
		{FCA355D1-512B-4575-8033-022D64167277}.Release|Any CPU.Build.0 = Release|Any CPU
	EndGlobalSection
	GlobalSection(SolutionProperties) = preSolution
		HideSolutionNode = FALSE
	EndGlobalSection
	GlobalSection(ExtensibilityGlobals) = postSolution
		SolutionGuid = {EDCE03DD-F7F9-470C-AC09-BA5E2EF8C89C}
	EndGlobalSection
EndGlobal
